
Microsoft Visual Studio Solution File, Format Version 12.00
# Visual Studio Version 16
VisualStudioVersion = 25.0.1704.4
MinimumVisualStudioVersion = 10.0.40219.1
Project("{FAE04EC0-301F-11D3-BF4B-00C04F79EFBC}") = "Layouts.Android", "Layouts\Layouts.Android\Layouts.Android.csproj", "{948AA6C0-69AD-42D9-885A-5F8F74FDBC69}"
EndProject
Project("{FAE04EC0-301F-11D3-BF4B-00C04F79EFBC}") = "Layouts.iOS", "Layouts\Layouts.iOS\Layouts.iOS.csproj", "{2CB0B65D-F0A9-4867-AC0D-9D2788AC50FB}"
EndProject
Project("{FAE04EC0-301F-11D3-BF4B-00C04F79EFBC}") = "Layouts", "Layouts\Layouts\Layouts.csproj", "{7B284CDA-29B8-44F7-9B08-4C7267019983}"
EndProject
Global
	GlobalSection(SolutionConfigurationPlatforms) = preSolution
		Debug|Any CPU = Debug|Any CPU
		Release|Any CPU = Release|Any CPU
		Debug|iPhoneSimulator = Debug|iPhoneSimulator
		Release|iPhoneSimulator = Release|iPhoneSimulator
		Debug|iPhone = Debug|iPhone
		Release|iPhone = Release|iPhone
	EndGlobalSection
	GlobalSection(ProjectConfigurationPlatforms) = postSolution
		{948AA6C0-69AD-42D9-885A-5F8F74FDBC69}.Debug|Any CPU.ActiveCfg = Debug|Any CPU
		{948AA6C0-69AD-42D9-885A-5F8F74FDBC69}.Debug|Any CPU.Build.0 = Debug|Any CPU
		{948AA6C0-69AD-42D9-885A-5F8F74FDBC69}.Release|Any CPU.ActiveCfg = Release|Any CPU
		{948AA6C0-69AD-42D9-885A-5F8F74FDBC69}.Release|Any CPU.Build.0 = Release|Any CPU
		{948AA6C0-69AD-42D9-885A-5F8F74FDBC69}.Debug|iPhoneSimulator.ActiveCfg = Debug|Any CPU
		{948AA6C0-69AD-42D9-885A-5F8F74FDBC69}.Debug|iPhoneSimulator.Build.0 = Debug|Any CPU
		{948AA6C0-69AD-42D9-885A-5F8F74FDBC69}.Release|iPhoneSimulator.ActiveCfg = Release|Any CPU
		{948AA6C0-69AD-42D9-885A-5F8F74FDBC69}.Release|iPhoneSimulator.Build.0 = Release|Any CPU
		{948AA6C0-69AD-42D9-885A-5F8F74FDBC69}.Debug|iPhone.ActiveCfg = Debug|Any CPU
		{948AA6C0-69AD-42D9-885A-5F8F74FDBC69}.Debug|iPhone.Build.0 = Debug|Any CPU
		{948AA6C0-69AD-42D9-885A-5F8F74FDBC69}.Release|iPhone.ActiveCfg = Release|Any CPU
		{948AA6C0-69AD-42D9-885A-5F8F74FDBC69}.Release|iPhone.Build.0 = Release|Any CPU
		{2CB0B65D-F0A9-4867-AC0D-9D2788AC50FB}.Debug|Any CPU.ActiveCfg = Debug|iPhoneSimulator
		{2CB0B65D-F0A9-4867-AC0D-9D2788AC50FB}.Debug|Any CPU.Build.0 = Debug|iPhoneSimulator
		{2CB0B65D-F0A9-4867-AC0D-9D2788AC50FB}.Release|Any CPU.ActiveCfg = Release|iPhoneSimulator
		{2CB0B65D-F0A9-4867-AC0D-9D2788AC50FB}.Release|Any CPU.Build.0 = Release|iPhoneSimulator
		{2CB0B65D-F0A9-4867-AC0D-9D2788AC50FB}.Debug|iPhoneSimulator.ActiveCfg = Debug|iPhoneSimulator
		{2CB0B65D-F0A9-4867-AC0D-9D2788AC50FB}.Debug|iPhoneSimulator.Build.0 = Debug|iPhoneSimulator
		{2CB0B65D-F0A9-4867-AC0D-9D2788AC50FB}.Release|iPhoneSimulator.ActiveCfg = Release|iPhoneSimulator
		{2CB0B65D-F0A9-4867-AC0D-9D2788AC50FB}.Release|iPhoneSimulator.Build.0 = Release|iPhoneSimulator
		{2CB0B65D-F0A9-4867-AC0D-9D2788AC50FB}.Debug|iPhone.ActiveCfg = Debug|iPhone
		{2CB0B65D-F0A9-4867-AC0D-9D2788AC50FB}.Debug|iPhone.Build.0 = Debug|iPhone
		{2CB0B65D-F0A9-4867-AC0D-9D2788AC50FB}.Release|iPhone.ActiveCfg = Release|iPhone
		{2CB0B65D-F0A9-4867-AC0D-9D2788AC50FB}.Release|iPhone.Build.0 = Release|iPhone
		{7B284CDA-29B8-44F7-9B08-4C7267019983}.Debug|Any CPU.ActiveCfg = Debug|Any CPU
		{7B284CDA-29B8-44F7-9B08-4C7267019983}.Debug|Any CPU.Build.0 = Debug|Any CPU
		{7B284CDA-29B8-44F7-9B08-4C7267019983}.Release|Any CPU.ActiveCfg = Release|Any CPU
		{7B284CDA-29B8-44F7-9B08-4C7267019983}.Release|Any CPU.Build.0 = Release|Any CPU
		{7B284CDA-29B8-44F7-9B08-4C7267019983}.Debug|iPhoneSimulator.ActiveCfg = Debug|Any CPU
		{7B284CDA-29B8-44F7-9B08-4C7267019983}.Debug|iPhoneSimulator.Build.0 = Debug|Any CPU
		{7B284CDA-29B8-44F7-9B08-4C7267019983}.Release|iPhoneSimulator.ActiveCfg = Release|Any CPU
		{7B284CDA-29B8-44F7-9B08-4C7267019983}.Release|iPhoneSimulator.Build.0 = Release|Any CPU
		{7B284CDA-29B8-44F7-9B08-4C7267019983}.Debug|iPhone.ActiveCfg = Debug|Any CPU
		{7B284CDA-29B8-44F7-9B08-4C7267019983}.Debug|iPhone.Build.0 = Debug|Any CPU
		{7B284CDA-29B8-44F7-9B08-4C7267019983}.Release|iPhone.ActiveCfg = Release|Any CPU
		{7B284CDA-29B8-44F7-9B08-4C7267019983}.Release|iPhone.Build.0 = Release|Any CPU
	EndGlobalSection
	GlobalSection(SolutionProperties) = preSolution
		HideSolutionNode = FALSE
	EndGlobalSection
	GlobalSection(ExtensibilityGlobals) = postSolution
		SolutionGuid = {BC9E354D-1DDD-4579-B097-CC1EADC7942C}
	EndGlobalSection
EndGlobal
